// !$*UTF8*$!
{
	archiveVersion = 1;
	classes = {
	};
	objectVersion = 50;
	objects = {

/* Begin PBXBuildFile section */
		43F74E286C2FC519BB985C04 /* Pods_banker_ios.framework in Frameworks */ = {isa = PBXBuildFile; fileRef = A564B4C00F24C295CBE339A6 /* Pods_banker_ios.framework */; };
		F8532BA42253743300396E01 /* AppDelegate.swift in Sources */ = {isa = PBXBuildFile; fileRef = F8532BA32253743300396E01 /* AppDelegate.swift */; };
		F8532BA92253743300396E01 /* Main.storyboard in Resources */ = {isa = PBXBuildFile; fileRef = F8532BA72253743300396E01 /* Main.storyboard */; };
		F8532BAB2253743400396E01 /* Assets.xcassets in Resources */ = {isa = PBXBuildFile; fileRef = F8532BAA2253743400396E01 /* Assets.xcassets */; };
		F8532BAE2253743400396E01 /* LaunchScreen.storyboard in Resources */ = {isa = PBXBuildFile; fileRef = F8532BAC2253743400396E01 /* LaunchScreen.storyboard */; };
		F8532BB6225377B100396E01 /* MainController.swift in Sources */ = {isa = PBXBuildFile; fileRef = F8532BB5225377B100396E01 /* MainController.swift */; };
		F8532BB8225377DD00396E01 /* MainView.swift in Sources */ = {isa = PBXBuildFile; fileRef = F8532BB7225377DD00396E01 /* MainView.swift */; };
		F8532BBA22537FA800396E01 /* MainNavigationItem.swift in Sources */ = {isa = PBXBuildFile; fileRef = F8532BB922537FA800396E01 /* MainNavigationItem.swift */; };
		F8FB2B8222546E9800B4F605 /* UITextField.swift in Sources */ = {isa = PBXBuildFile; fileRef = F8FB2B8122546E9800B4F605 /* UITextField.swift */; };
		F8FB2B8E2254703000B4F605 /* Pacifico-Regular.ttf in Resources */ = {isa = PBXBuildFile; fileRef = F8FB2B8B2254703000B4F605 /* Pacifico-Regular.ttf */; };
		F8FB2B8F2254703000B4F605 /* NotoSans-Bold.ttf in Resources */ = {isa = PBXBuildFile; fileRef = F8FB2B8C2254703000B4F605 /* NotoSans-Bold.ttf */; };
		F8FB2B902254703000B4F605 /* NotoSans-Regular.ttf in Resources */ = {isa = PBXBuildFile; fileRef = F8FB2B8D2254703000B4F605 /* NotoSans-Regular.ttf */; };
		F8FB2B922254719000B4F605 /* UIColor.swift in Sources */ = {isa = PBXBuildFile; fileRef = F8FB2B912254719000B4F605 /* UIColor.swift */; };
		F8FB2B96225485EF00B4F605 /* ResourceController.swift in Sources */ = {isa = PBXBuildFile; fileRef = F8FB2B95225485EF00B4F605 /* ResourceController.swift */; };
		F8FB2B982254861200B4F605 /* ResourceView.swift in Sources */ = {isa = PBXBuildFile; fileRef = F8FB2B972254861200B4F605 /* ResourceView.swift */; };
		F8FB2B9A2254894E00B4F605 /* ResourceNavigationItem.swift in Sources */ = {isa = PBXBuildFile; fileRef = F8FB2B992254894E00B4F605 /* ResourceNavigationItem.swift */; };
		F8FB2B9D225492FD00B4F605 /* Alert.swift in Sources */ = {isa = PBXBuildFile; fileRef = F8FB2B9C225492FD00B4F605 /* Alert.swift */; };
		F8FB2B9F22549AE400B4F605 /* CheckField.swift in Sources */ = {isa = PBXBuildFile; fileRef = F8FB2B9E22549AE400B4F605 /* CheckField.swift */; };
		F8FB2BA12254A53C00B4F605 /* MaxMatrixController.swift in Sources */ = {isa = PBXBuildFile; fileRef = F8FB2BA02254A53C00B4F605 /* MaxMatrixController.swift */; };
		F8FB2BA32254A56300B4F605 /* MaxMaxtrixNavigationItem.swift in Sources */ = {isa = PBXBuildFile; fileRef = F8FB2BA22254A56300B4F605 /* MaxMaxtrixNavigationItem.swift */; };
		F8FB2BA52254A57000B4F605 /* MaxMatrixView.swift in Sources */ = {isa = PBXBuildFile; fileRef = F8FB2BA42254A57000B4F605 /* MaxMatrixView.swift */; };
		F8FB2BAA2254C1D200B4F605 /* UIViewController.swift in Sources */ = {isa = PBXBuildFile; fileRef = F8FB2BA92254C1D200B4F605 /* UIViewController.swift */; };
		F8FB2BAC2254DE4100B4F605 /* CheckMaxtrix.swift in Sources */ = {isa = PBXBuildFile; fileRef = F8FB2BAB2254DE4100B4F605 /* CheckMaxtrix.swift */; };
		F8FB2BAE2254FF6400B4F605 /* AllocationMatrixController.swift in Sources */ = {isa = PBXBuildFile; fileRef = F8FB2BAD2254FF6400B4F605 /* AllocationMatrixController.swift */; };
		F8FB2BB02254FF7600B4F605 /* NeedMatrixController.swift in Sources */ = {isa = PBXBuildFile; fileRef = F8FB2BAF2254FF7600B4F605 /* NeedMatrixController.swift */; };
		F8FB2BB4225500F400B4F605 /* AllocationMatrixNavigationItem.swift in Sources */ = {isa = PBXBuildFile; fileRef = F8FB2BB3225500F400B4F605 /* AllocationMatrixNavigationItem.swift */; };
		F8FB2BB82255011A00B4F605 /* NeedMatrixNavigationItem.swift in Sources */ = {isa = PBXBuildFile; fileRef = F8FB2BB72255011A00B4F605 /* NeedMatrixNavigationItem.swift */; };
		F8FB2BBA2255016B00B4F605 /* AllocationMatrixView.swift in Sources */ = {isa = PBXBuildFile; fileRef = F8FB2BB92255016B00B4F605 /* AllocationMatrixView.swift */; };
		F8FB2BBC2255017700B4F605 /* NeedMatrixView.swift in Sources */ = {isa = PBXBuildFile; fileRef = F8FB2BBB2255017700B4F605 /* NeedMatrixView.swift */; };
/* End PBXBuildFile section */

/* Begin PBXFileReference section */
		A564B4C00F24C295CBE339A6 /* Pods_banker_ios.framework */ = {isa = PBXFileReference; explicitFileType = wrapper.framework; includeInIndex = 0; path = Pods_banker_ios.framework; sourceTree = BUILT_PRODUCTS_DIR; };
		F13EC457C37DD3D1489E5FFD /* Pods-banker-ios.debug.xcconfig */ = {isa = PBXFileReference; includeInIndex = 1; lastKnownFileType = text.xcconfig; name = "Pods-banker-ios.debug.xcconfig"; path = "Pods/Target Support Files/Pods-banker-ios/Pods-banker-ios.debug.xcconfig"; sourceTree = "<group>"; };
		F8532BA02253743300396E01 /* banker-ios.app */ = {isa = PBXFileReference; explicitFileType = wrapper.application; includeInIndex = 0; path = "banker-ios.app"; sourceTree = BUILT_PRODUCTS_DIR; };
		F8532BA32253743300396E01 /* AppDelegate.swift */ = {isa = PBXFileReference; lastKnownFileType = sourcecode.swift; path = AppDelegate.swift; sourceTree = "<group>"; };
		F8532BA82253743300396E01 /* Base */ = {isa = PBXFileReference; lastKnownFileType = file.storyboard; name = Base; path = Base.lproj/Main.storyboard; sourceTree = "<group>"; };
		F8532BAA2253743400396E01 /* Assets.xcassets */ = {isa = PBXFileReference; lastKnownFileType = folder.assetcatalog; path = Assets.xcassets; sourceTree = "<group>"; };
		F8532BAD2253743400396E01 /* Base */ = {isa = PBXFileReference; lastKnownFileType = file.storyboard; name = Base; path = Base.lproj/LaunchScreen.storyboard; sourceTree = "<group>"; };
		F8532BAF2253743400396E01 /* Info.plist */ = {isa = PBXFileReference; lastKnownFileType = text.plist.xml; path = Info.plist; sourceTree = "<group>"; };
		F8532BB5225377B100396E01 /* MainController.swift */ = {isa = PBXFileReference; lastKnownFileType = sourcecode.swift; path = MainController.swift; sourceTree = "<group>"; };
		F8532BB7225377DD00396E01 /* MainView.swift */ = {isa = PBXFileReference; lastKnownFileType = sourcecode.swift; path = MainView.swift; sourceTree = "<group>"; };
		F8532BB922537FA800396E01 /* MainNavigationItem.swift */ = {isa = PBXFileReference; lastKnownFileType = sourcecode.swift; path = MainNavigationItem.swift; sourceTree = "<group>"; };
		F8FB2B8122546E9800B4F605 /* UITextField.swift */ = {isa = PBXFileReference; lastKnownFileType = sourcecode.swift; path = UITextField.swift; sourceTree = "<group>"; };
		F8FB2B8B2254703000B4F605 /* Pacifico-Regular.ttf */ = {isa = PBXFileReference; lastKnownFileType = file; path = "Pacifico-Regular.ttf"; sourceTree = "<group>"; };
		F8FB2B8C2254703000B4F605 /* NotoSans-Bold.ttf */ = {isa = PBXFileReference; lastKnownFileType = file; path = "NotoSans-Bold.ttf"; sourceTree = "<group>"; };
		F8FB2B8D2254703000B4F605 /* NotoSans-Regular.ttf */ = {isa = PBXFileReference; lastKnownFileType = file; path = "NotoSans-Regular.ttf"; sourceTree = "<group>"; };
		F8FB2B912254719000B4F605 /* UIColor.swift */ = {isa = PBXFileReference; lastKnownFileType = sourcecode.swift; path = UIColor.swift; sourceTree = "<group>"; };
		F8FB2B95225485EF00B4F605 /* ResourceController.swift */ = {isa = PBXFileReference; lastKnownFileType = sourcecode.swift; path = ResourceController.swift; sourceTree = "<group>"; };
		F8FB2B972254861200B4F605 /* ResourceView.swift */ = {isa = PBXFileReference; lastKnownFileType = sourcecode.swift; path = ResourceView.swift; sourceTree = "<group>"; };
		F8FB2B992254894E00B4F605 /* ResourceNavigationItem.swift */ = {isa = PBXFileReference; lastKnownFileType = sourcecode.swift; path = ResourceNavigationItem.swift; sourceTree = "<group>"; };
		F8FB2B9C225492FD00B4F605 /* Alert.swift */ = {isa = PBXFileReference; lastKnownFileType = sourcecode.swift; path = Alert.swift; sourceTree = "<group>"; };
		F8FB2B9E22549AE400B4F605 /* CheckField.swift */ = {isa = PBXFileReference; lastKnownFileType = sourcecode.swift; path = CheckField.swift; sourceTree = "<group>"; };
		F8FB2BA02254A53C00B4F605 /* MaxMatrixController.swift */ = {isa = PBXFileReference; lastKnownFileType = sourcecode.swift; path = MaxMatrixController.swift; sourceTree = "<group>"; };
		F8FB2BA22254A56300B4F605 /* MaxMaxtrixNavigationItem.swift */ = {isa = PBXFileReference; lastKnownFileType = sourcecode.swift; path = MaxMaxtrixNavigationItem.swift; sourceTree = "<group>"; };
		F8FB2BA42254A57000B4F605 /* MaxMatrixView.swift */ = {isa = PBXFileReference; lastKnownFileType = sourcecode.swift; path = MaxMatrixView.swift; sourceTree = "<group>"; };
		F8FB2BA92254C1D200B4F605 /* UIViewController.swift */ = {isa = PBXFileReference; lastKnownFileType = sourcecode.swift; path = UIViewController.swift; sourceTree = "<group>"; };
		F8FB2BAB2254DE4100B4F605 /* CheckMaxtrix.swift */ = {isa = PBXFileReference; lastKnownFileType = sourcecode.swift; path = CheckMaxtrix.swift; sourceTree = "<group>"; };
		F8FB2BAD2254FF6400B4F605 /* AllocationMatrixController.swift */ = {isa = PBXFileReference; lastKnownFileType = sourcecode.swift; path = AllocationMatrixController.swift; sourceTree = "<group>"; };
		F8FB2BAF2254FF7600B4F605 /* NeedMatrixController.swift */ = {isa = PBXFileReference; lastKnownFileType = sourcecode.swift; path = NeedMatrixController.swift; sourceTree = "<group>"; };
		F8FB2BB3225500F400B4F605 /* AllocationMatrixNavigationItem.swift */ = {isa = PBXFileReference; lastKnownFileType = sourcecode.swift; path = AllocationMatrixNavigationItem.swift; sourceTree = "<group>"; };
		F8FB2BB72255011A00B4F605 /* NeedMatrixNavigationItem.swift */ = {isa = PBXFileReference; lastKnownFileType = sourcecode.swift; path = NeedMatrixNavigationItem.swift; sourceTree = "<group>"; };
		F8FB2BB92255016B00B4F605 /* AllocationMatrixView.swift */ = {isa = PBXFileReference; lastKnownFileType = sourcecode.swift; path = AllocationMatrixView.swift; sourceTree = "<group>"; };
		F8FB2BBB2255017700B4F605 /* NeedMatrixView.swift */ = {isa = PBXFileReference; lastKnownFileType = sourcecode.swift; path = NeedMatrixView.swift; sourceTree = "<group>"; };
		FB8466D5BB47E8BE16D2F721 /* Pods-banker-ios.release.xcconfig */ = {isa = PBXFileReference; includeInIndex = 1; lastKnownFileType = text.xcconfig; name = "Pods-banker-ios.release.xcconfig"; path = "Pods/Target Support Files/Pods-banker-ios/Pods-banker-ios.release.xcconfig"; sourceTree = "<group>"; };
/* End PBXFileReference section */

/* Begin PBXFrameworksBuildPhase section */
		F8532B9D2253743300396E01 /* Frameworks */ = {
			isa = PBXFrameworksBuildPhase;
			buildActionMask = 2147483647;
			files = (
				43F74E286C2FC519BB985C04 /* Pods_banker_ios.framework in Frameworks */,
			);
			runOnlyForDeploymentPostprocessing = 0;
		};
/* End PBXFrameworksBuildPhase section */

/* Begin PBXGroup section */
		5A219BFD127B85B8C1921E56 /* Pods */ = {
			isa = PBXGroup;
			children = (
				F13EC457C37DD3D1489E5FFD /* Pods-banker-ios.debug.xcconfig */,
				FB8466D5BB47E8BE16D2F721 /* Pods-banker-ios.release.xcconfig */,
			);
			name = Pods;
			sourceTree = "<group>";
		};
		86C9F7648B15298E49081CB8 /* Frameworks */ = {
			isa = PBXGroup;
			children = (
				A564B4C00F24C295CBE339A6 /* Pods_banker_ios.framework */,
			);
			name = Frameworks;
			sourceTree = "<group>";
		};
		F8532B972253743300396E01 = {
			isa = PBXGroup;
			children = (
				F8532BA22253743300396E01 /* banker-ios */,
				F8532BA12253743300396E01 /* Products */,
				5A219BFD127B85B8C1921E56 /* Pods */,
				86C9F7648B15298E49081CB8 /* Frameworks */,
			);
			sourceTree = "<group>";
		};
		F8532BA12253743300396E01 /* Products */ = {
			isa = PBXGroup;
			children = (
				F8532BA02253743300396E01 /* banker-ios.app */,
			);
			name = Products;
			sourceTree = "<group>";
		};
		F8532BA22253743300396E01 /* banker-ios */ = {
			isa = PBXGroup;
			children = (
				F8FB2B9B225492EB00B4F605 /* Helper */,
				F8FB2B942254858500B4F605 /* View */,
				F8FB2B932254857D00B4F605 /* Controller */,
				F8FB2B8322546EAF00B4F605 /* Fonts */,
				F8FB2B8022546E7A00B4F605 /* Extension */,
				F8532BA32253743300396E01 /* AppDelegate.swift */,
				F8532BA72253743300396E01 /* Main.storyboard */,
				F8532BAA2253743400396E01 /* Assets.xcassets */,
				F8532BAC2253743400396E01 /* LaunchScreen.storyboard */,
				F8532BAF2253743400396E01 /* Info.plist */,
			);
			path = "banker-ios";
			sourceTree = "<group>";
		};
		F8FB2B8022546E7A00B4F605 /* Extension */ = {
			isa = PBXGroup;
			children = (
				F8FB2B8122546E9800B4F605 /* UITextField.swift */,
				F8FB2B912254719000B4F605 /* UIColor.swift */,
				F8FB2BA92254C1D200B4F605 /* UIViewController.swift */,
			);
			path = Extension;
			sourceTree = "<group>";
		};
		F8FB2B8322546EAF00B4F605 /* Fonts */ = {
			isa = PBXGroup;
			children = (
				F8FB2B8C2254703000B4F605 /* NotoSans-Bold.ttf */,
				F8FB2B8D2254703000B4F605 /* NotoSans-Regular.ttf */,
				F8FB2B8B2254703000B4F605 /* Pacifico-Regular.ttf */,
			);
			path = Fonts;
			sourceTree = "<group>";
		};
		F8FB2B932254857D00B4F605 /* Controller */ = {
			isa = PBXGroup;
			children = (
				F8532BB5225377B100396E01 /* MainController.swift */,
				F8532BB922537FA800396E01 /* MainNavigationItem.swift */,
				F8FB2B95225485EF00B4F605 /* ResourceController.swift */,
				F8FB2B992254894E00B4F605 /* ResourceNavigationItem.swift */,
				F8FB2BA02254A53C00B4F605 /* MaxMatrixController.swift */,
				F8FB2BA22254A56300B4F605 /* MaxMaxtrixNavigationItem.swift */,
				F8FB2BAD2254FF6400B4F605 /* AllocationMatrixController.swift */,
				F8FB2BB3225500F400B4F605 /* AllocationMatrixNavigationItem.swift */,
				F8FB2BAF2254FF7600B4F605 /* NeedMatrixController.swift */,
				F8FB2BB72255011A00B4F605 /* NeedMatrixNavigationItem.swift */,
			);
			path = Controller;
			sourceTree = "<group>";
		};
		F8FB2B942254858500B4F605 /* View */ = {
			isa = PBXGroup;
			children = (
				F8532BB7225377DD00396E01 /* MainView.swift */,
				F8FB2B972254861200B4F605 /* ResourceView.swift */,
				F8FB2BA42254A57000B4F605 /* MaxMatrixView.swift */,
				F8FB2BB92255016B00B4F605 /* AllocationMatrixView.swift */,
				F8FB2BBB2255017700B4F605 /* NeedMatrixView.swift */,
			);
			path = View;
			sourceTree = "<group>";
		};
		F8FB2B9B225492EB00B4F605 /* Helper */ = {
			isa = PBXGroup;
			children = (
				F8FB2B9C225492FD00B4F605 /* Alert.swift */,
				F8FB2B9E22549AE400B4F605 /* CheckField.swift */,
				F8FB2BAB2254DE4100B4F605 /* CheckMaxtrix.swift */,
			);
			path = Helper;
			sourceTree = "<group>";
		};
/* End PBXGroup section */

/* Begin PBXNativeTarget section */
		F8532B9F2253743300396E01 /* banker-ios */ = {
			isa = PBXNativeTarget;
			buildConfigurationList = F8532BB22253743400396E01 /* Build configuration list for PBXNativeTarget "banker-ios" */;
			buildPhases = (
				FFFCDFEA29DEC14D44592F5C /* [CP] Check Pods Manifest.lock */,
				F8532B9C2253743300396E01 /* Sources */,
				F8532B9D2253743300396E01 /* Frameworks */,
				F8532B9E2253743300396E01 /* Resources */,
				2DE0455302C95B949CD6EF7A /* [CP] Embed Pods Frameworks */,
			);
			buildRules = (
			);
			dependencies = (
			);
			name = "banker-ios";
			productName = "banker-ios";
			productReference = F8532BA02253743300396E01 /* banker-ios.app */;
			productType = "com.apple.product-type.application";
		};
/* End PBXNativeTarget section */

/* Begin PBXProject section */
		F8532B982253743300396E01 /* Project object */ = {
			isa = PBXProject;
			attributes = {
				LastSwiftUpdateCheck = 1020;
				LastUpgradeCheck = 1020;
				ORGANIZATIONNAME = Lex;
				TargetAttributes = {
					F8532B9F2253743300396E01 = {
						CreatedOnToolsVersion = 10.2;
					};
				};
			};
			buildConfigurationList = F8532B9B2253743300396E01 /* Build configuration list for PBXProject "banker-ios" */;
			compatibilityVersion = "Xcode 9.3";
			developmentRegion = en;
			hasScannedForEncodings = 0;
			knownRegions = (
				en,
				Base,
			);
			mainGroup = F8532B972253743300396E01;
			productRefGroup = F8532BA12253743300396E01 /* Products */;
			projectDirPath = "";
			projectRoot = "";
			targets = (
				F8532B9F2253743300396E01 /* banker-ios */,
			);
		};
/* End PBXProject section */

/* Begin PBXResourcesBuildPhase section */
		F8532B9E2253743300396E01 /* Resources */ = {
			isa = PBXResourcesBuildPhase;
			buildActionMask = 2147483647;
			files = (
				F8FB2B902254703000B4F605 /* NotoSans-Regular.ttf in Resources */,
				F8532BAE2253743400396E01 /* LaunchScreen.storyboard in Resources */,
				F8FB2B8E2254703000B4F605 /* Pacifico-Regular.ttf in Resources */,
				F8532BAB2253743400396E01 /* Assets.xcassets in Resources */,
				F8FB2B8F2254703000B4F605 /* NotoSans-Bold.ttf in Resources */,
				F8532BA92253743300396E01 /* Main.storyboard in Resources */,
			);
			runOnlyForDeploymentPostprocessing = 0;
		};
/* End PBXResourcesBuildPhase section */

/* Begin PBXShellScriptBuildPhase section */
		2DE0455302C95B949CD6EF7A /* [CP] Embed Pods Frameworks */ = {
			isa = PBXShellScriptBuildPhase;
			buildActionMask = 2147483647;
			files = (
			);
			inputFileListPaths = (
				"${PODS_ROOT}/Target Support Files/Pods-banker-ios/Pods-banker-ios-frameworks-${CONFIGURATION}-input-files.xcfilelist",
			);
			name = "[CP] Embed Pods Frameworks";
			outputFileListPaths = (
				"${PODS_ROOT}/Target Support Files/Pods-banker-ios/Pods-banker-ios-frameworks-${CONFIGURATION}-output-files.xcfilelist",
			);
			runOnlyForDeploymentPostprocessing = 0;
			shellPath = /bin/sh;
			shellScript = "\"${PODS_ROOT}/Target Support Files/Pods-banker-ios/Pods-banker-ios-frameworks.sh\"\n";
			showEnvVarsInLog = 0;
		};
		FFFCDFEA29DEC14D44592F5C /* [CP] Check Pods Manifest.lock */ = {
			isa = PBXShellScriptBuildPhase;
			buildActionMask = 2147483647;
			files = (
			);
			inputPaths = (
				"${PODS_PODFILE_DIR_PATH}/Podfile.lock",
				"${PODS_ROOT}/Manifest.lock",
			);
			name = "[CP] Check Pods Manifest.lock";
			outputPaths = (
				"$(DERIVED_FILE_DIR)/Pods-banker-ios-checkManifestLockResult.txt",
			);
			runOnlyForDeploymentPostprocessing = 0;
			shellPath = /bin/sh;
			shellScript = "diff \"${PODS_PODFILE_DIR_PATH}/Podfile.lock\" \"${PODS_ROOT}/Manifest.lock\" > /dev/null\nif [ $? != 0 ] ; then\n    # print error to STDERR\n    echo \"error: The sandbox is not in sync with the Podfile.lock. Run 'pod install' or update your CocoaPods installation.\" >&2\n    exit 1\nfi\n# This output is used by Xcode 'outputs' to avoid re-running this script phase.\necho \"SUCCESS\" > \"${SCRIPT_OUTPUT_FILE_0}\"\n";
			showEnvVarsInLog = 0;
		};
/* End PBXShellScriptBuildPhase section */

/* Begin PBXSourcesBuildPhase section */
		F8532B9C2253743300396E01 /* Sources */ = {
			isa = PBXSourcesBuildPhase;
			buildActionMask = 2147483647;
			files = (
				F8FB2B982254861200B4F605 /* ResourceView.swift in Sources */,
				F8FB2B9F22549AE400B4F605 /* CheckField.swift in Sources */,
				F8FB2B96225485EF00B4F605 /* ResourceController.swift in Sources */,
				F8FB2BAE2254FF6400B4F605 /* AllocationMatrixController.swift in Sources */,
				F8FB2BB4225500F400B4F605 /* AllocationMatrixNavigationItem.swift in Sources */,
				F8FB2BA32254A56300B4F605 /* MaxMaxtrixNavigationItem.swift in Sources */,
				F8FB2BA52254A57000B4F605 /* MaxMatrixView.swift in Sources */,
				F8FB2BA12254A53C00B4F605 /* MaxMatrixController.swift in Sources */,
				F8532BB8225377DD00396E01 /* MainView.swift in Sources */,
				F8FB2B922254719000B4F605 /* UIColor.swift in Sources */,
				F8FB2BB82255011A00B4F605 /* NeedMatrixNavigationItem.swift in Sources */,
				F8FB2BAC2254DE4100B4F605 /* CheckMaxtrix.swift in Sources */,
				F8FB2BBA2255016B00B4F605 /* AllocationMatrixView.swift in Sources */,
				F8FB2B8222546E9800B4F605 /* UITextField.swift in Sources */,
				F8532BB6225377B100396E01 /* MainController.swift in Sources */,
				F8532BA42253743300396E01 /* AppDelegate.swift in Sources */,
				F8FB2B9A2254894E00B4F605 /* ResourceNavigationItem.swift in Sources */,
				F8FB2B9D225492FD00B4F605 /* Alert.swift in Sources */,
				F8FB2BBC2255017700B4F605 /* NeedMatrixView.swift in Sources */,
				F8532BBA22537FA800396E01 /* MainNavigationItem.swift in Sources */,
				F8FB2BB02254FF7600B4F605 /* NeedMatrixController.swift in Sources */,
				F8FB2BAA2254C1D200B4F605 /* UIViewController.swift in Sources */,
			);
			runOnlyForDeploymentPostprocessing = 0;
		};
/* End PBXSourcesBuildPhase section */

/* Begin PBXVariantGroup section */
		F8532BA72253743300396E01 /* Main.storyboard */ = {
			isa = PBXVariantGroup;
			children = (
				F8532BA82253743300396E01 /* Base */,
			);
			name = Main.storyboard;
			sourceTree = "<group>";
		};
		F8532BAC2253743400396E01 /* LaunchScreen.storyboard */ = {
			isa = PBXVariantGroup;
			children = (
				F8532BAD2253743400396E01 /* Base */,
			);
			name = LaunchScreen.storyboard;
			sourceTree = "<group>";
		};
/* End PBXVariantGroup section */

/* Begin XCBuildConfiguration section */
		F8532BB02253743400396E01 /* Debug */ = {
			isa = XCBuildConfiguration;
			buildSettings = {
				ALWAYS_SEARCH_USER_PATHS = NO;
				CLANG_ANALYZER_NONNULL = YES;
				CLANG_ANALYZER_NUMBER_OBJECT_CONVERSION = YES_AGGRESSIVE;
				CLANG_CXX_LANGUAGE_STANDARD = "gnu++14";
				CLANG_CXX_LIBRARY = "libc++";
				CLANG_ENABLE_MODULES = YES;
				CLANG_ENABLE_OBJC_ARC = YES;
				CLANG_ENABLE_OBJC_WEAK = YES;
				CLANG_WARN_BLOCK_CAPTURE_AUTORELEASING = YES;
				CLANG_WARN_BOOL_CONVERSION = YES;
				CLANG_WARN_COMMA = YES;
				CLANG_WARN_CONSTANT_CONVERSION = YES;
				CLANG_WARN_DEPRECATED_OBJC_IMPLEMENTATIONS = YES;
				CLANG_WARN_DIRECT_OBJC_ISA_USAGE = YES_ERROR;
				CLANG_WARN_DOCUMENTATION_COMMENTS = YES;
				CLANG_WARN_EMPTY_BODY = YES;
				CLANG_WARN_ENUM_CONVERSION = YES;
				CLANG_WARN_INFINITE_RECURSION = YES;
				CLANG_WARN_INT_CONVERSION = YES;
				CLANG_WARN_NON_LITERAL_NULL_CONVERSION = YES;
				CLANG_WARN_OBJC_IMPLICIT_RETAIN_SELF = YES;
				CLANG_WARN_OBJC_LITERAL_CONVERSION = YES;
				CLANG_WARN_OBJC_ROOT_CLASS = YES_ERROR;
				CLANG_WARN_RANGE_LOOP_ANALYSIS = YES;
				CLANG_WARN_STRICT_PROTOTYPES = YES;
				CLANG_WARN_SUSPICIOUS_MOVE = YES;
				CLANG_WARN_UNGUARDED_AVAILABILITY = YES_AGGRESSIVE;
				CLANG_WARN_UNREACHABLE_CODE = YES;
				CLANG_WARN__DUPLICATE_METHOD_MATCH = YES;
				CODE_SIGN_IDENTITY = "iPhone Developer";
				COPY_PHASE_STRIP = NO;
				DEBUG_INFORMATION_FORMAT = dwarf;
				ENABLE_STRICT_OBJC_MSGSEND = YES;
				ENABLE_TESTABILITY = YES;
				GCC_C_LANGUAGE_STANDARD = gnu11;
				GCC_DYNAMIC_NO_PIC = NO;
				GCC_NO_COMMON_BLOCKS = YES;
				GCC_OPTIMIZATION_LEVEL = 0;
				GCC_PREPROCESSOR_DEFINITIONS = (
					"DEBUG=1",
					"$(inherited)",
				);
				GCC_WARN_64_TO_32_BIT_CONVERSION = YES;
				GCC_WARN_ABOUT_RETURN_TYPE = YES_ERROR;
				GCC_WARN_UNDECLARED_SELECTOR = YES;
				GCC_WARN_UNINITIALIZED_AUTOS = YES_AGGRESSIVE;
				GCC_WARN_UNUSED_FUNCTION = YES;
				GCC_WARN_UNUSED_VARIABLE = YES;
				IPHONEOS_DEPLOYMENT_TARGET = 12.2;
				MTL_ENABLE_DEBUG_INFO = INCLUDE_SOURCE;
				MTL_FAST_MATH = YES;
				ONLY_ACTIVE_ARCH = YES;
				SDKROOT = iphoneos;
				SWIFT_ACTIVE_COMPILATION_CONDITIONS = DEBUG;
				SWIFT_OPTIMIZATION_LEVEL = "-Onone";
			};
			name = Debug;
		};
		F8532BB12253743400396E01 /* Release */ = {
			isa = XCBuildConfiguration;
			buildSettings = {
				ALWAYS_SEARCH_USER_PATHS = NO;
				CLANG_ANALYZER_NONNULL = YES;
				CLANG_ANALYZER_NUMBER_OBJECT_CONVERSION = YES_AGGRESSIVE;
				CLANG_CXX_LANGUAGE_STANDARD = "gnu++14";
				CLANG_CXX_LIBRARY = "libc++";
				CLANG_ENABLE_MODULES = YES;
				CLANG_ENABLE_OBJC_ARC = YES;
				CLANG_ENABLE_OBJC_WEAK = YES;
				CLANG_WARN_BLOCK_CAPTURE_AUTORELEASING = YES;
				CLANG_WARN_BOOL_CONVERSION = YES;
				CLANG_WARN_COMMA = YES;
				CLANG_WARN_CONSTANT_CONVERSION = YES;
				CLANG_WARN_DEPRECATED_OBJC_IMPLEMENTATIONS = YES;
				CLANG_WARN_DIRECT_OBJC_ISA_USAGE = YES_ERROR;
				CLANG_WARN_DOCUMENTATION_COMMENTS = YES;
				CLANG_WARN_EMPTY_BODY = YES;
				CLANG_WARN_ENUM_CONVERSION = YES;
				CLANG_WARN_INFINITE_RECURSION = YES;
				CLANG_WARN_INT_CONVERSION = YES;
				CLANG_WARN_NON_LITERAL_NULL_CONVERSION = YES;
				CLANG_WARN_OBJC_IMPLICIT_RETAIN_SELF = YES;
				CLANG_WARN_OBJC_LITERAL_CONVERSION = YES;
				CLANG_WARN_OBJC_ROOT_CLASS = YES_ERROR;
				CLANG_WARN_RANGE_LOOP_ANALYSIS = YES;
				CLANG_WARN_STRICT_PROTOTYPES = YES;
				CLANG_WARN_SUSPICIOUS_MOVE = YES;
				CLANG_WARN_UNGUARDED_AVAILABILITY = YES_AGGRESSIVE;
				CLANG_WARN_UNREACHABLE_CODE = YES;
				CLANG_WARN__DUPLICATE_METHOD_MATCH = YES;
				CODE_SIGN_IDENTITY = "iPhone Developer";
				COPY_PHASE_STRIP = NO;
				DEBUG_INFORMATION_FORMAT = "dwarf-with-dsym";
				ENABLE_NS_ASSERTIONS = NO;
				ENABLE_STRICT_OBJC_MSGSEND = YES;
				GCC_C_LANGUAGE_STANDARD = gnu11;
				GCC_NO_COMMON_BLOCKS = YES;
				GCC_WARN_64_TO_32_BIT_CONVERSION = YES;
				GCC_WARN_ABOUT_RETURN_TYPE = YES_ERROR;
				GCC_WARN_UNDECLARED_SELECTOR = YES;
				GCC_WARN_UNINITIALIZED_AUTOS = YES_AGGRESSIVE;
				GCC_WARN_UNUSED_FUNCTION = YES;
				GCC_WARN_UNUSED_VARIABLE = YES;
				IPHONEOS_DEPLOYMENT_TARGET = 12.2;
				MTL_ENABLE_DEBUG_INFO = NO;
				MTL_FAST_MATH = YES;
				SDKROOT = iphoneos;
				SWIFT_COMPILATION_MODE = wholemodule;
				SWIFT_OPTIMIZATION_LEVEL = "-O";
				VALIDATE_PRODUCT = YES;
			};
			name = Release;
		};
		F8532BB32253743400396E01 /* Debug */ = {
			isa = XCBuildConfiguration;
			baseConfigurationReference = F13EC457C37DD3D1489E5FFD /* Pods-banker-ios.debug.xcconfig */;
			buildSettings = {
				ASSETCATALOG_COMPILER_APPICON_NAME = AppIcon;
				CODE_SIGN_STYLE = Automatic;
				DEVELOPMENT_TEAM = DBP288NGSA;
				INFOPLIST_FILE = "banker-ios/Info.plist";
				IPHONEOS_DEPLOYMENT_TARGET = 10.0;
				LD_RUNPATH_SEARCH_PATHS = (
					"$(inherited)",
					"@executable_path/Frameworks",
				);
				PRODUCT_BUNDLE_IDENTIFIER = com.lexiddie.bankerz7az;
				PRODUCT_NAME = "$(TARGET_NAME)";
				SWIFT_VERSION = 5.0;
				TARGETED_DEVICE_FAMILY = 1;
			};
			name = Debug;
		};
		F8532BB42253743400396E01 /* Release */ = {
			isa = XCBuildConfiguration;
			baseConfigurationReference = FB8466D5BB47E8BE16D2F721 /* Pods-banker-ios.release.xcconfig */;
			buildSettings = {
				ASSETCATALOG_COMPILER_APPICON_NAME = AppIcon;
				CODE_SIGN_STYLE = Automatic;
				DEVELOPMENT_TEAM = DBP288NGSA;
				INFOPLIST_FILE = "banker-ios/Info.plist";
				IPHONEOS_DEPLOYMENT_TARGET = 10.0;
				LD_RUNPATH_SEARCH_PATHS = (
					"$(inherited)",
					"@executable_path/Frameworks",
				);
				PRODUCT_BUNDLE_IDENTIFIER = com.lexiddie.bankerz7az;
				PRODUCT_NAME = "$(TARGET_NAME)";
				SWIFT_VERSION = 5.0;
				TARGETED_DEVICE_FAMILY = 1;
			};
			name = Release;
		};
/* End XCBuildConfiguration section */

/* Begin XCConfigurationList section */
		F8532B9B2253743300396E01 /* Build configuration list for PBXProject "banker-ios" */ = {
			isa = XCConfigurationList;
			buildConfigurations = (
				F8532BB02253743400396E01 /* Debug */,
				F8532BB12253743400396E01 /* Release */,
			);
			defaultConfigurationIsVisible = 0;
			defaultConfigurationName = Release;
		};
		F8532BB22253743400396E01 /* Build configuration list for PBXNativeTarget "banker-ios" */ = {
			isa = XCConfigurationList;
			buildConfigurations = (
				F8532BB32253743400396E01 /* Debug */,
				F8532BB42253743400396E01 /* Release */,
			);
			defaultConfigurationIsVisible = 0;
			defaultConfigurationName = Release;
		};
/* End XCConfigurationList section */
	};
	rootObject = F8532B982253743300396E01 /* Project object */;
}
